
Microsoft Visual Studio Solution File, Format Version 12.00
# Visual Studio 14
VisualStudioVersion = 14.0.24720.0
MinimumVisualStudioVersion = 10.0.40219.1
Project("{FAE04EC0-301F-11D3-BF4B-00C04F79EFBC}") = "bin2packbin", "bin2packbin\bin2packbin.csproj", "{6CE7315C-1FF6-4C8C-9643-6778A815D81C}"
EndProject
Project("{2150E333-8FDC-42A3-9474-1A3956D46DE8}") = "Solution Items", "Solution Items", "{E65DBFB6-9F68-41AC-A680-A4D4697FA42B}"
	ProjectSection(SolutionItems) = preProject
		LICENSE.txt = LICENSE.txt
		README.md = README.md
	EndProjectSection
EndProject
Global
	GlobalSection(SolutionConfigurationPlatforms) = preSolution
		Debug|Any CPU = Debug|Any CPU
		Release|Any CPU = Release|Any CPU
	EndGlobalSection
	GlobalSection(ProjectConfigurationPlatforms) = postSolution
		{6CE7315C-1FF6-4C8C-9643-6778A815D81C}.Debug|Any CPU.ActiveCfg = Debug|Any CPU
		{6CE7315C-1FF6-4C8C-9643-6778A815D81C}.Debug|Any CPU.Build.0 = Debug|Any CPU
		{6CE7315C-1FF6-4C8C-9643-6778A815D81C}.Release|Any CPU.ActiveCfg = Release|Any CPU
		{6CE7315C-1FF6-4C8C-9643-6778A815D81C}.Release|Any CPU.Build.0 = Release|Any CPU
	EndGlobalSection
	GlobalSection(SolutionProperties) = preSolution
		HideSolutionNode = FALSE
	EndGlobalSection
EndGlobal
